
Microsoft Visual Studio Solution File, Format Version 12.00
# Visual Studio Version 16
VisualStudioVersion = 16.0.30011.22
MinimumVisualStudioVersion = 10.0.40219.1
Project("{FAE04EC0-301F-11D3-BF4B-00C04F79EFBC}") = "CustomerApi", "CustomerApi\CustomerApi.csproj", "{ACA75646-DD3D-46B0-BB7E-84B63123914C}"
EndProject
Project("{FAE04EC0-301F-11D3-BF4B-00C04F79EFBC}") = "ApiGateWay", "ApiGateWay\ApiGateWay.csproj", "{77C8C402-C7FB-481D-8B78-D6C07FF6FC12}"
EndProject
Project("{2150E333-8FDC-42A3-9474-1A3956D46DE8}") = "Solution Items", "Solution Items", "{555AF84B-F262-4E06-85DC-7CFE81F3E857}"
	ProjectSection(SolutionItems) = preProject
		Step.txt = Step.txt
	EndProjectSection
EndProject
Global
	GlobalSection(SolutionConfigurationPlatforms) = preSolution
		Debug|Any CPU = Debug|Any CPU
		Release|Any CPU = Release|Any CPU
	EndGlobalSection
	GlobalSection(ProjectConfigurationPlatforms) = postSolution
		{ACA75646-DD3D-46B0-BB7E-84B63123914C}.Debug|Any CPU.ActiveCfg = Debug|Any CPU
		{ACA75646-DD3D-46B0-BB7E-84B63123914C}.Debug|Any CPU.Build.0 = Debug|Any CPU
		{ACA75646-DD3D-46B0-BB7E-84B63123914C}.Release|Any CPU.ActiveCfg = Release|Any CPU
		{ACA75646-DD3D-46B0-BB7E-84B63123914C}.Release|Any CPU.Build.0 = Release|Any CPU
		{77C8C402-C7FB-481D-8B78-D6C07FF6FC12}.Debug|Any CPU.ActiveCfg = Debug|Any CPU
		{77C8C402-C7FB-481D-8B78-D6C07FF6FC12}.Debug|Any CPU.Build.0 = Debug|Any CPU
		{77C8C402-C7FB-481D-8B78-D6C07FF6FC12}.Release|Any CPU.ActiveCfg = Release|Any CPU
		{77C8C402-C7FB-481D-8B78-D6C07FF6FC12}.Release|Any CPU.Build.0 = Release|Any CPU
	EndGlobalSection
	GlobalSection(SolutionProperties) = preSolution
		HideSolutionNode = FALSE
	EndGlobalSection
	GlobalSection(ExtensibilityGlobals) = postSolution
		SolutionGuid = {2DE276B3-8556-4531-8B2C-EB0CFE504C84}
	EndGlobalSection
EndGlobal
